// !$*UTF8*$!
{
	archiveVersion = 1;
	classes = {
	};
	objectVersion = 56;
	objects = {

/* Begin PBXBuildFile section */
		784E06C72D9D858500F3B546 /* App1256App.swift in Sources */ = {isa = PBXBuildFile; fileRef = 784E06C62D9D858500F3B546 /* App1256App.swift */; };
		784E06C92D9D858500F3B546 /* ContentView.swift in Sources */ = {isa = PBXBuildFile; fileRef = 784E06C82D9D858500F3B546 /* ContentView.swift */; };
		784E06CB2D9D858700F3B546 /* Assets.xcassets in Resources */ = {isa = PBXBuildFile; fileRef = 784E06CA2D9D858700F3B546 /* Assets.xcassets */; };
		784E06CF2D9D858700F3B546 /* Preview Assets.xcassets in Resources */ = {isa = PBXBuildFile; fileRef = 784E06CE2D9D858700F3B546 /* Preview Assets.xcassets */; };
		784E06DE2D9DA23B00F3B546 /* Launch Screen.storyboard in Resources */ = {isa = PBXBuildFile; fileRef = 784E06DD2D9DA23B00F3B546 /* Launch Screen.storyboard */; };
		784E06E12D9DA24600F3B546 /* CoreModel.xcdatamodeld in Sources */ = {isa = PBXBuildFile; fileRef = 784E06DF2D9DA24600F3B546 /* CoreModel.xcdatamodeld */; };
		784E06E32D9DA25000F3B546 /* CoreDataStack.swift in Sources */ = {isa = PBXBuildFile; fileRef = 784E06E22D9DA25000F3B546 /* CoreDataStack.swift */; };
		784E06E52D9DA25A00F3B546 /* Array.swift in Sources */ = {isa = PBXBuildFile; fileRef = 784E06E42D9DA25A00F3B546 /* Array.swift */; };
		784E06E72D9DA26100F3B546 /* DateConvert.swift in Sources */ = {isa = PBXBuildFile; fileRef = 784E06E62D9DA26100F3B546 /* DateConvert.swift */; };
		784E06E92D9DA3CE00F3B546 /* R1.swift in Sources */ = {isa = PBXBuildFile; fileRef = 784E06E82D9DA3CE00F3B546 /* R1.swift */; };
		784E06EB2D9DA3D300F3B546 /* R2.swift in Sources */ = {isa = PBXBuildFile; fileRef = 784E06EA2D9DA3D200F3B546 /* R2.swift */; };
		784E06ED2D9DA3D900F3B546 /* LoadingView.swift in Sources */ = {isa = PBXBuildFile; fileRef = 784E06EC2D9DA3D900F3B546 /* LoadingView.swift */; };
		784E06EF2D9DA3DF00F3B546 /* TabBar.swift in Sources */ = {isa = PBXBuildFile; fileRef = 784E06EE2D9DA3DF00F3B546 /* TabBar.swift */; };
		784E06F12D9DA3FA00F3B546 /* HomeView.swift in Sources */ = {isa = PBXBuildFile; fileRef = 784E06F02D9DA3FA00F3B546 /* HomeView.swift */; };
		784E06F32D9DA40300F3B546 /* HomeViewModel.swift in Sources */ = {isa = PBXBuildFile; fileRef = 784E06F22D9DA40300F3B546 /* HomeViewModel.swift */; };
		784E071E2D9EF3AB00F3B546 /* OperationsView.swift in Sources */ = {isa = PBXBuildFile; fileRef = 784E071D2D9EF3AB00F3B546 /* OperationsView.swift */; };
		784E07212D9EF3B700F3B546 /* AddOper.swift in Sources */ = {isa = PBXBuildFile; fileRef = 784E07202D9EF3B700F3B546 /* AddOper.swift */; };
		784E07242D9EFD0E00F3B546 /* StatInfo.swift in Sources */ = {isa = PBXBuildFile; fileRef = 784E07232D9EFD0E00F3B546 /* StatInfo.swift */; };
		784E07272D9F127000F3B546 /* EditProfile.swift in Sources */ = {isa = PBXBuildFile; fileRef = 784E07262D9F127000F3B546 /* EditProfile.swift */; };
		784E072A2D9F160200F3B546 /* GraphView.swift in Sources */ = {isa = PBXBuildFile; fileRef = 784E07292D9F160200F3B546 /* GraphView.swift */; };
		7865883B2DD4C1E500869341 /* Dfv2wef.swift in Sources */ = {isa = PBXBuildFile; fileRef = 7865883A2DD4C1E500869341 /* Dfv2wef.swift */; };
		7865883D2DD4C1EB00869341 /* Srtgrtf.swift in Sources */ = {isa = PBXBuildFile; fileRef = 7865883C2DD4C1EB00869341 /* Srtgrtf.swift */; };
		7865883F2DD4C1F300869341 /* Wvterfw.swift in Sources */ = {isa = PBXBuildFile; fileRef = 7865883E2DD4C1F300869341 /* Wvterfw.swift */; };
		786588492DD4C70400869341 /* U1.swift in Sources */ = {isa = PBXBuildFile; fileRef = 786588482DD4C70400869341 /* U1.swift */; };
		7865884B2DD4C70B00869341 /* Reviews.swift in Sources */ = {isa = PBXBuildFile; fileRef = 7865884A2DD4C70B00869341 /* Reviews.swift */; };
		7865884D2DD4C71000869341 /* Not.swift in Sources */ = {isa = PBXBuildFile; fileRef = 7865884C2DD4C71000869341 /* Not.swift */; };
/* End PBXBuildFile section */

/* Begin PBXFileReference section */
		784E06C32D9D858500F3B546 /* App1256.app */ = {isa = PBXFileReference; explicitFileType = wrapper.application; includeInIndex = 0; path = App1256.app; sourceTree = BUILT_PRODUCTS_DIR; };
		784E06C62D9D858500F3B546 /* App1256App.swift */ = {isa = PBXFileReference; lastKnownFileType = sourcecode.swift; path = App1256App.swift; sourceTree = "<group>"; };
		784E06C82D9D858500F3B546 /* ContentView.swift */ = {isa = PBXFileReference; lastKnownFileType = sourcecode.swift; path = ContentView.swift; sourceTree = "<group>"; };
		784E06CA2D9D858700F3B546 /* Assets.xcassets */ = {isa = PBXFileReference; lastKnownFileType = folder.assetcatalog; path = Assets.xcassets; sourceTree = "<group>"; };
		784E06CC2D9D858700F3B546 /* App1256.entitlements */ = {isa = PBXFileReference; lastKnownFileType = text.plist.entitlements; path = App1256.entitlements; sourceTree = "<group>"; };
		784E06CE2D9D858700F3B546 /* Preview Assets.xcassets */ = {isa = PBXFileReference; lastKnownFileType = folder.assetcatalog; path = "Preview Assets.xcassets"; sourceTree = "<group>"; };
		784E06DD2D9DA23B00F3B546 /* Launch Screen.storyboard */ = {isa = PBXFileReference; lastKnownFileType = file.storyboard; path = "Launch Screen.storyboard"; sourceTree = "<group>"; };
		784E06E02D9DA24600F3B546 /* CoreModel.xcdatamodel */ = {isa = PBXFileReference; lastKnownFileType = wrapper.xcdatamodel; path = CoreModel.xcdatamodel; sourceTree = "<group>"; };
		784E06E22D9DA25000F3B546 /* CoreDataStack.swift */ = {isa = PBXFileReference; lastKnownFileType = sourcecode.swift; path = CoreDataStack.swift; sourceTree = "<group>"; };
		784E06E42D9DA25A00F3B546 /* Array.swift */ = {isa = PBXFileReference; lastKnownFileType = sourcecode.swift; path = Array.swift; sourceTree = "<group>"; };
		784E06E62D9DA26100F3B546 /* DateConvert.swift */ = {isa = PBXFileReference; lastKnownFileType = sourcecode.swift; path = DateConvert.swift; sourceTree = "<group>"; };
		784E06E82D9DA3CE00F3B546 /* R1.swift */ = {isa = PBXFileReference; lastKnownFileType = sourcecode.swift; path = R1.swift; sourceTree = "<group>"; };
		784E06EA2D9DA3D200F3B546 /* R2.swift */ = {isa = PBXFileReference; lastKnownFileType = sourcecode.swift; path = R2.swift; sourceTree = "<group>"; };
		784E06EC2D9DA3D900F3B546 /* LoadingView.swift */ = {isa = PBXFileReference; lastKnownFileType = sourcecode.swift; path = LoadingView.swift; sourceTree = "<group>"; };
		784E06EE2D9DA3DF00F3B546 /* TabBar.swift */ = {isa = PBXFileReference; lastKnownFileType = sourcecode.swift; path = TabBar.swift; sourceTree = "<group>"; };
		784E06F02D9DA3FA00F3B546 /* HomeView.swift */ = {isa = PBXFileReference; lastKnownFileType = sourcecode.swift; path = HomeView.swift; sourceTree = "<group>"; };
		784E06F22D9DA40300F3B546 /* HomeViewModel.swift */ = {isa = PBXFileReference; lastKnownFileType = sourcecode.swift; path = HomeViewModel.swift; sourceTree = "<group>"; };
		784E071D2D9EF3AB00F3B546 /* OperationsView.swift */ = {isa = PBXFileReference; lastKnownFileType = sourcecode.swift; path = OperationsView.swift; sourceTree = "<group>"; };
		784E07202D9EF3B700F3B546 /* AddOper.swift */ = {isa = PBXFileReference; lastKnownFileType = sourcecode.swift; path = AddOper.swift; sourceTree = "<group>"; };
		784E07232D9EFD0E00F3B546 /* StatInfo.swift */ = {isa = PBXFileReference; lastKnownFileType = sourcecode.swift; path = StatInfo.swift; sourceTree = "<group>"; };
		784E07262D9F127000F3B546 /* EditProfile.swift */ = {isa = PBXFileReference; lastKnownFileType = sourcecode.swift; path = EditProfile.swift; sourceTree = "<group>"; };
		784E07292D9F160200F3B546 /* GraphView.swift */ = {isa = PBXFileReference; lastKnownFileType = sourcecode.swift; path = GraphView.swift; sourceTree = "<group>"; };
		7865883A2DD4C1E500869341 /* Dfv2wef.swift */ = {isa = PBXFileReference; lastKnownFileType = sourcecode.swift; path = Dfv2wef.swift; sourceTree = "<group>"; };
		7865883C2DD4C1EB00869341 /* Srtgrtf.swift */ = {isa = PBXFileReference; lastKnownFileType = sourcecode.swift; path = Srtgrtf.swift; sourceTree = "<group>"; };
		7865883E2DD4C1F300869341 /* Wvterfw.swift */ = {isa = PBXFileReference; lastKnownFileType = sourcecode.swift; path = Wvterfw.swift; sourceTree = "<group>"; };
		786588482DD4C70400869341 /* U1.swift */ = {isa = PBXFileReference; lastKnownFileType = sourcecode.swift; path = U1.swift; sourceTree = "<group>"; };
		7865884A2DD4C70B00869341 /* Reviews.swift */ = {isa = PBXFileReference; lastKnownFileType = sourcecode.swift; path = Reviews.swift; sourceTree = "<group>"; };
		7865884C2DD4C71000869341 /* Not.swift */ = {isa = PBXFileReference; lastKnownFileType = sourcecode.swift; path = Not.swift; sourceTree = "<group>"; };
/* End PBXFileReference section */

/* Begin PBXFrameworksBuildPhase section */
		784E06C02D9D858500F3B546 /* Frameworks */ = {
			isa = PBXFrameworksBuildPhase;
			buildActionMask = 2147483647;
			files = (
			);
			runOnlyForDeploymentPostprocessing = 0;
		};
/* End PBXFrameworksBuildPhase section */

/* Begin PBXGroup section */
		784E06BA2D9D858500F3B546 = {
			isa = PBXGroup;
			children = (
				784E06C52D9D858500F3B546 /* App1256 */,
				784E06C42D9D858500F3B546 /* Products */,
			);
			sourceTree = "<group>";
		};
		784E06C42D9D858500F3B546 /* Products */ = {
			isa = PBXGroup;
			children = (
				784E06C32D9D858500F3B546 /* App1256.app */,
			);
			name = Products;
			sourceTree = "<group>";
		};
		784E06C52D9D858500F3B546 /* App1256 */ = {
			isa = PBXGroup;
			children = (
				784E06D52D9DA1FD00F3B546 /* All */,
				784E06C62D9D858500F3B546 /* App1256App.swift */,
				784E06C82D9D858500F3B546 /* ContentView.swift */,
				784E06CA2D9D858700F3B546 /* Assets.xcassets */,
				784E06CC2D9D858700F3B546 /* App1256.entitlements */,
				784E06CD2D9D858700F3B546 /* Preview Content */,
			);
			path = App1256;
			sourceTree = "<group>";
		};
		784E06CD2D9D858700F3B546 /* Preview Content */ = {
			isa = PBXGroup;
			children = (
				784E06CE2D9D858700F3B546 /* Preview Assets.xcassets */,
			);
			path = "Preview Content";
			sourceTree = "<group>";
		};
		784E06D52D9DA1FD00F3B546 /* All */ = {
			isa = PBXGroup;
			children = (
				784E06D92D9DA21400F3B546 /* Extensions */,
				784E06D82D9DA20F00F3B546 /* Views */,
				784E06D72D9DA20A00F3B546 /* TabBar */,
				784E06D62D9DA20200F3B546 /* Start */,
			);
			path = All;
			sourceTree = "<group>";
		};
		784E06D62D9DA20200F3B546 /* Start */ = {
			isa = PBXGroup;
			children = (
				784E06DC2D9DA22600F3B546 /* OBR */,
				784E06DB2D9DA22100F3B546 /* oading */,
				784E06DA2D9DA21C00F3B546 /* Launch */,
			);
			path = Start;
			sourceTree = "<group>";
		};
		784E06D72D9DA20A00F3B546 /* TabBar */ = {
			isa = PBXGroup;
			children = (
				784E06EE2D9DA3DF00F3B546 /* TabBar.swift */,
			);
			path = TabBar;
			sourceTree = "<group>";
		};
		784E06D82D9DA20F00F3B546 /* Views */ = {
			isa = PBXGroup;
			children = (
				784E07282D9F15F800F3B546 /* GraphView */,
				784E07252D9F126600F3B546 /* EditProfile */,
				784E071C2D9EF39900F3B546 /* Operations */,
				784E06F02D9DA3FA00F3B546 /* HomeView.swift */,
				784E06F22D9DA40300F3B546 /* HomeViewModel.swift */,
			);
			path = Views;
			sourceTree = "<group>";
		};
		784E06D92D9DA21400F3B546 /* Extensions */ = {
			isa = PBXGroup;
			children = (
				784E06DF2D9DA24600F3B546 /* CoreModel.xcdatamodeld */,
				784E06E22D9DA25000F3B546 /* CoreDataStack.swift */,
				784E06E42D9DA25A00F3B546 /* Array.swift */,
				784E06E62D9DA26100F3B546 /* DateConvert.swift */,
				7865883A2DD4C1E500869341 /* Dfv2wef.swift */,
				7865883C2DD4C1EB00869341 /* Srtgrtf.swift */,
				7865883E2DD4C1F300869341 /* Wvterfw.swift */,
			);
			path = Extensions;
			sourceTree = "<group>";
		};
		784E06DA2D9DA21C00F3B546 /* Launch */ = {
			isa = PBXGroup;
			children = (
				784E06DD2D9DA23B00F3B546 /* Launch Screen.storyboard */,
			);
			path = Launch;
			sourceTree = "<group>";
		};
		784E06DB2D9DA22100F3B546 /* oading */ = {
			isa = PBXGroup;
			children = (
				784E06EC2D9DA3D900F3B546 /* LoadingView.swift */,
			);
			path = oading;
			sourceTree = "<group>";
		};
		784E06DC2D9DA22600F3B546 /* OBR */ = {
			isa = PBXGroup;
			children = (
				786588472DD4C6F000869341 /* U1 */,
				784E06E82D9DA3CE00F3B546 /* R1.swift */,
				784E06EA2D9DA3D200F3B546 /* R2.swift */,
			);
			path = OBR;
			sourceTree = "<group>";
		};
		784E071C2D9EF39900F3B546 /* Operations */ = {
			isa = PBXGroup;
			children = (
				784E07222D9EFD0400F3B546 /* StatInfo */,
				784E071F2D9EF3B000F3B546 /* AddOper */,
				784E071D2D9EF3AB00F3B546 /* OperationsView.swift */,
			);
			path = Operations;
			sourceTree = "<group>";
		};
		784E071F2D9EF3B000F3B546 /* AddOper */ = {
			isa = PBXGroup;
			children = (
				784E07202D9EF3B700F3B546 /* AddOper.swift */,
			);
			path = AddOper;
			sourceTree = "<group>";
		};
		784E07222D9EFD0400F3B546 /* StatInfo */ = {
			isa = PBXGroup;
			children = (
				784E07232D9EFD0E00F3B546 /* StatInfo.swift */,
			);
			path = StatInfo;
			sourceTree = "<group>";
		};
		784E07252D9F126600F3B546 /* EditProfile */ = {
			isa = PBXGroup;
			children = (
				784E07262D9F127000F3B546 /* EditProfile.swift */,
			);
			path = EditProfile;
			sourceTree = "<group>";
		};
		784E07282D9F15F800F3B546 /* GraphView */ = {
			isa = PBXGroup;
			children = (
				784E07292D9F160200F3B546 /* GraphView.swift */,
			);
			path = GraphView;
			sourceTree = "<group>";
		};
		786588472DD4C6F000869341 /* U1 */ = {
			isa = PBXGroup;
			children = (
				786588482DD4C70400869341 /* U1.swift */,
				7865884A2DD4C70B00869341 /* Reviews.swift */,
				7865884C2DD4C71000869341 /* Not.swift */,
			);
			path = U1;
			sourceTree = "<group>";
		};
/* End PBXGroup section */

/* Begin PBXNativeTarget section */
		784E06C22D9D858500F3B546 /* App1256 */ = {
			isa = PBXNativeTarget;
			buildConfigurationList = 784E06D22D9D858700F3B546 /* Build configuration list for PBXNativeTarget "App1256" */;
			buildPhases = (
				784E06BF2D9D858500F3B546 /* Sources */,
				784E06C02D9D858500F3B546 /* Frameworks */,
				784E06C12D9D858500F3B546 /* Resources */,
			);
			buildRules = (
			);
			dependencies = (
			);
			name = App1256;
			productName = App1256;
			productReference = 784E06C32D9D858500F3B546 /* App1256.app */;
			productType = "com.apple.product-type.application";
		};
/* End PBXNativeTarget section */

/* Begin PBXProject section */
		784E06BB2D9D858500F3B546 /* Project object */ = {
			isa = PBXProject;
			attributes = {
				BuildIndependentTargetsInParallel = 1;
				LastSwiftUpdateCheck = 1520;
				LastUpgradeCheck = 1520;
				TargetAttributes = {
					784E06C22D9D858500F3B546 = {
						CreatedOnToolsVersion = 15.2;
					};
				};
			};
			buildConfigurationList = 784E06BE2D9D858500F3B546 /* Build configuration list for PBXProject "App1256" */;
			compatibilityVersion = "Xcode 14.0";
			developmentRegion = en;
			hasScannedForEncodings = 0;
			knownRegions = (
				en,
				Base,
			);
			mainGroup = 784E06BA2D9D858500F3B546;
			productRefGroup = 784E06C42D9D858500F3B546 /* Products */;
			projectDirPath = "";
			projectRoot = "";
			targets = (
				784E06C22D9D858500F3B546 /* App1256 */,
			);
		};
/* End PBXProject section */

/* Begin PBXResourcesBuildPhase section */
		784E06C12D9D858500F3B546 /* Resources */ = {
			isa = PBXResourcesBuildPhase;
			buildActionMask = 2147483647;
			files = (
				784E06DE2D9DA23B00F3B546 /* Launch Screen.storyboard in Resources */,
				784E06CF2D9D858700F3B546 /* Preview Assets.xcassets in Resources */,
				784E06CB2D9D858700F3B546 /* Assets.xcassets in Resources */,
			);
			runOnlyForDeploymentPostprocessing = 0;
		};
/* End PBXResourcesBuildPhase section */

/* Begin PBXSourcesBuildPhase section */
		784E06BF2D9D858500F3B546 /* Sources */ = {
			isa = PBXSourcesBuildPhase;
			buildActionMask = 2147483647;
			files = (
				7865883B2DD4C1E500869341 /* Dfv2wef.swift in Sources */,
				784E06E92D9DA3CE00F3B546 /* R1.swift in Sources */,
				786588492DD4C70400869341 /* U1.swift in Sources */,
				784E071E2D9EF3AB00F3B546 /* OperationsView.swift in Sources */,
				784E06C92D9D858500F3B546 /* ContentView.swift in Sources */,
				784E07272D9F127000F3B546 /* EditProfile.swift in Sources */,
				784E07242D9EFD0E00F3B546 /* StatInfo.swift in Sources */,
				784E06E52D9DA25A00F3B546 /* Array.swift in Sources */,
				784E06E12D9DA24600F3B546 /* CoreModel.xcdatamodeld in Sources */,
				784E07212D9EF3B700F3B546 /* AddOper.swift in Sources */,
				7865883F2DD4C1F300869341 /* Wvterfw.swift in Sources */,
				784E06C72D9D858500F3B546 /* App1256App.swift in Sources */,
				784E06F12D9DA3FA00F3B546 /* HomeView.swift in Sources */,
				784E06E32D9DA25000F3B546 /* CoreDataStack.swift in Sources */,
				784E06F32D9DA40300F3B546 /* HomeViewModel.swift in Sources */,
				7865884B2DD4C70B00869341 /* Reviews.swift in Sources */,
				7865884D2DD4C71000869341 /* Not.swift in Sources */,
				784E06E72D9DA26100F3B546 /* DateConvert.swift in Sources */,
				784E072A2D9F160200F3B546 /* GraphView.swift in Sources */,
				7865883D2DD4C1EB00869341 /* Srtgrtf.swift in Sources */,
				784E06EB2D9DA3D300F3B546 /* R2.swift in Sources */,
				784E06ED2D9DA3D900F3B546 /* LoadingView.swift in Sources */,
				784E06EF2D9DA3DF00F3B546 /* TabBar.swift in Sources */,
			);
			runOnlyForDeploymentPostprocessing = 0;
		};
/* End PBXSourcesBuildPhase section */

/* Begin XCBuildConfiguration section */
		784E06D02D9D858700F3B546 /* Debug */ = {
			isa = XCBuildConfiguration;
			buildSettings = {
				ALWAYS_SEARCH_USER_PATHS = NO;
				ASSETCATALOG_COMPILER_GENERATE_SWIFT_ASSET_SYMBOL_EXTENSIONS = YES;
				CLANG_ANALYZER_NONNULL = YES;
				CLANG_ANALYZER_NUMBER_OBJECT_CONVERSION = YES_AGGRESSIVE;
				CLANG_CXX_LANGUAGE_STANDARD = "gnu++20";
				CLANG_ENABLE_MODULES = YES;
				CLANG_ENABLE_OBJC_ARC = YES;
				CLANG_ENABLE_OBJC_WEAK = YES;
				CLANG_WARN_BLOCK_CAPTURE_AUTORELEASING = YES;
				CLANG_WARN_BOOL_CONVERSION = YES;
				CLANG_WARN_COMMA = YES;
				CLANG_WARN_CONSTANT_CONVERSION = YES;
				CLANG_WARN_DEPRECATED_OBJC_IMPLEMENTATIONS = YES;
				CLANG_WARN_DIRECT_OBJC_ISA_USAGE = YES_ERROR;
				CLANG_WARN_DOCUMENTATION_COMMENTS = YES;
				CLANG_WARN_EMPTY_BODY = YES;
				CLANG_WARN_ENUM_CONVERSION = YES;
				CLANG_WARN_INFINITE_RECURSION = YES;
				CLANG_WARN_INT_CONVERSION = YES;
				CLANG_WARN_NON_LITERAL_NULL_CONVERSION = YES;
				CLANG_WARN_OBJC_IMPLICIT_RETAIN_SELF = YES;
				CLANG_WARN_OBJC_LITERAL_CONVERSION = YES;
				CLANG_WARN_OBJC_ROOT_CLASS = YES_ERROR;
				CLANG_WARN_QUOTED_INCLUDE_IN_FRAMEWORK_HEADER = YES;
				CLANG_WARN_RANGE_LOOP_ANALYSIS = YES;
				CLANG_WARN_STRICT_PROTOTYPES = YES;
				CLANG_WARN_SUSPICIOUS_MOVE = YES;
				CLANG_WARN_UNGUARDED_AVAILABILITY = YES_AGGRESSIVE;
				CLANG_WARN_UNREACHABLE_CODE = YES;
				CLANG_WARN__DUPLICATE_METHOD_MATCH = YES;
				COPY_PHASE_STRIP = NO;
				DEBUG_INFORMATION_FORMAT = dwarf;
				ENABLE_STRICT_OBJC_MSGSEND = YES;
				ENABLE_TESTABILITY = YES;
				ENABLE_USER_SCRIPT_SANDBOXING = YES;
				GCC_C_LANGUAGE_STANDARD = gnu17;
				GCC_DYNAMIC_NO_PIC = NO;
				GCC_NO_COMMON_BLOCKS = YES;
				GCC_OPTIMIZATION_LEVEL = 0;
				GCC_PREPROCESSOR_DEFINITIONS = (
					"DEBUG=1",
					"$(inherited)",
				);
				GCC_WARN_64_TO_32_BIT_CONVERSION = YES;
				GCC_WARN_ABOUT_RETURN_TYPE = YES_ERROR;
				GCC_WARN_UNDECLARED_SELECTOR = YES;
				GCC_WARN_UNINITIALIZED_AUTOS = YES_AGGRESSIVE;
				GCC_WARN_UNUSED_FUNCTION = YES;
				GCC_WARN_UNUSED_VARIABLE = YES;
				LOCALIZATION_PREFERS_STRING_CATALOGS = YES;
				MTL_ENABLE_DEBUG_INFO = INCLUDE_SOURCE;
				MTL_FAST_MATH = YES;
				ONLY_ACTIVE_ARCH = YES;
				SWIFT_ACTIVE_COMPILATION_CONDITIONS = "DEBUG $(inherited)";
				SWIFT_OPTIMIZATION_LEVEL = "-Onone";
			};
			name = Debug;
		};
		784E06D12D9D858700F3B546 /* Release */ = {
			isa = XCBuildConfiguration;
			buildSettings = {
				ALWAYS_SEARCH_USER_PATHS = NO;
				ASSETCATALOG_COMPILER_GENERATE_SWIFT_ASSET_SYMBOL_EXTENSIONS = YES;
				CLANG_ANALYZER_NONNULL = YES;
				CLANG_ANALYZER_NUMBER_OBJECT_CONVERSION = YES_AGGRESSIVE;
				CLANG_CXX_LANGUAGE_STANDARD = "gnu++20";
				CLANG_ENABLE_MODULES = YES;
				CLANG_ENABLE_OBJC_ARC = YES;
				CLANG_ENABLE_OBJC_WEAK = YES;
				CLANG_WARN_BLOCK_CAPTURE_AUTORELEASING = YES;
				CLANG_WARN_BOOL_CONVERSION = YES;
				CLANG_WARN_COMMA = YES;
				CLANG_WARN_CONSTANT_CONVERSION = YES;
				CLANG_WARN_DEPRECATED_OBJC_IMPLEMENTATIONS = YES;
				CLANG_WARN_DIRECT_OBJC_ISA_USAGE = YES_ERROR;
				CLANG_WARN_DOCUMENTATION_COMMENTS = YES;
				CLANG_WARN_EMPTY_BODY = YES;
				CLANG_WARN_ENUM_CONVERSION = YES;
				CLANG_WARN_INFINITE_RECURSION = YES;
				CLANG_WARN_INT_CONVERSION = YES;
				CLANG_WARN_NON_LITERAL_NULL_CONVERSION = YES;
				CLANG_WARN_OBJC_IMPLICIT_RETAIN_SELF = YES;
				CLANG_WARN_OBJC_LITERAL_CONVERSION = YES;
				CLANG_WARN_OBJC_ROOT_CLASS = YES_ERROR;
				CLANG_WARN_QUOTED_INCLUDE_IN_FRAMEWORK_HEADER = YES;
				CLANG_WARN_RANGE_LOOP_ANALYSIS = YES;
				CLANG_WARN_STRICT_PROTOTYPES = YES;
				CLANG_WARN_SUSPICIOUS_MOVE = YES;
				CLANG_WARN_UNGUARDED_AVAILABILITY = YES_AGGRESSIVE;
				CLANG_WARN_UNREACHABLE_CODE = YES;
				CLANG_WARN__DUPLICATE_METHOD_MATCH = YES;
				COPY_PHASE_STRIP = NO;
				DEBUG_INFORMATION_FORMAT = "dwarf-with-dsym";
				ENABLE_NS_ASSERTIONS = NO;
				ENABLE_STRICT_OBJC_MSGSEND = YES;
				ENABLE_USER_SCRIPT_SANDBOXING = YES;
				GCC_C_LANGUAGE_STANDARD = gnu17;
				GCC_NO_COMMON_BLOCKS = YES;
				GCC_WARN_64_TO_32_BIT_CONVERSION = YES;
				GCC_WARN_ABOUT_RETURN_TYPE = YES_ERROR;
				GCC_WARN_UNDECLARED_SELECTOR = YES;
				GCC_WARN_UNINITIALIZED_AUTOS = YES_AGGRESSIVE;
				GCC_WARN_UNUSED_FUNCTION = YES;
				GCC_WARN_UNUSED_VARIABLE = YES;
				LOCALIZATION_PREFERS_STRING_CATALOGS = YES;
				MTL_ENABLE_DEBUG_INFO = NO;
				MTL_FAST_MATH = YES;
				SWIFT_COMPILATION_MODE = wholemodule;
			};
			name = Release;
		};
		784E06D32D9D858700F3B546 /* Debug */ = {
			isa = XCBuildConfiguration;
			buildSettings = {
				ASSETCATALOG_COMPILER_APPICON_NAME = AppIcon;
				ASSETCATALOG_COMPILER_GLOBAL_ACCENT_COLOR_NAME = AccentColor;
				CODE_SIGN_ENTITLEMENTS = App1256/App1256.entitlements;
				CODE_SIGN_STYLE = Automatic;
				CURRENT_PROJECT_VERSION = 1;
				DEVELOPMENT_ASSET_PATHS = "\"App1256/Preview Content\"";
				ENABLE_PREVIEWS = YES;
				GENERATE_INFOPLIST_FILE = YES;
				INFOPLIST_KEY_CFBundleDisplayName = "Pọcкet:Оρtiọn Manager";
				"INFOPLIST_KEY_UIApplicationSceneManifest_Generation[sdk=iphoneos*]" = YES;
				"INFOPLIST_KEY_UIApplicationSceneManifest_Generation[sdk=iphonesimulator*]" = YES;
				"INFOPLIST_KEY_UIApplicationSupportsIndirectInputEvents[sdk=iphoneos*]" = YES;
				"INFOPLIST_KEY_UIApplicationSupportsIndirectInputEvents[sdk=iphonesimulator*]" = YES;
				"INFOPLIST_KEY_UILaunchScreen_Generation[sdk=iphoneos*]" = YES;
				"INFOPLIST_KEY_UILaunchScreen_Generation[sdk=iphonesimulator*]" = YES;
				INFOPLIST_KEY_UILaunchStoryboardName = "Launch Screen.storyboard";
				"INFOPLIST_KEY_UIStatusBarStyle[sdk=iphoneos*]" = UIStatusBarStyleDefault;
				"INFOPLIST_KEY_UIStatusBarStyle[sdk=iphonesimulator*]" = UIStatusBarStyleDefault;
				INFOPLIST_KEY_UISupportedInterfaceOrientations = UIInterfaceOrientationPortrait;
				INFOPLIST_KEY_UISupportedInterfaceOrientations_iPad = "UIInterfaceOrientationLandscapeLeft UIInterfaceOrientationLandscapeRight UIInterfaceOrientationPortrait UIInterfaceOrientationPortraitUpsideDown";
				IPHONEOS_DEPLOYMENT_TARGET = 14.0;
				LD_RUNPATH_SEARCH_PATHS = "@executable_path/Frameworks";
				"LD_RUNPATH_SEARCH_PATHS[sdk=macosx*]" = "@executable_path/../Frameworks";
				MACOSX_DEPLOYMENT_TARGET = 14.2;
				MARKETING_VERSION = 1.1;
				PRODUCT_BUNDLE_IDENTIFIER = IOI.App1256;
				PRODUCT_NAME = "$(TARGET_NAME)";
				SDKROOT = auto;
				SUPPORTED_PLATFORMS = "iphoneos iphonesimulator";
				SUPPORTS_MACCATALYST = NO;
				SWIFT_EMIT_LOC_STRINGS = YES;
				SWIFT_VERSION = 5.0;
				TARGETED_DEVICE_FAMILY = 1;
			};
			name = Debug;
		};
		784E06D42D9D858700F3B546 /* Release */ = {
			isa = XCBuildConfiguration;
			buildSettings = {
				ASSETCATALOG_COMPILER_APPICON_NAME = AppIcon;
				ASSETCATALOG_COMPILER_GLOBAL_ACCENT_COLOR_NAME = AccentColor;
				CODE_SIGN_ENTITLEMENTS = App1256/App1256.entitlements;
				CODE_SIGN_STYLE = Automatic;
				CURRENT_PROJECT_VERSION = 1;
				DEVELOPMENT_ASSET_PATHS = "\"App1256/Preview Content\"";
				ENABLE_PREVIEWS = YES;
				GENERATE_INFOPLIST_FILE = YES;
				INFOPLIST_KEY_CFBundleDisplayName = "Pọcкet:Оρtiọn Manager";
				"INFOPLIST_KEY_UIApplicationSceneManifest_Generation[sdk=iphoneos*]" = YES;
				"INFOPLIST_KEY_UIApplicationSceneManifest_Generation[sdk=iphonesimulator*]" = YES;
				"INFOPLIST_KEY_UIApplicationSupportsIndirectInputEvents[sdk=iphoneos*]" = YES;
				"INFOPLIST_KEY_UIApplicationSupportsIndirectInputEvents[sdk=iphonesimulator*]" = YES;
				"INFOPLIST_KEY_UILaunchScreen_Generation[sdk=iphoneos*]" = YES;
				"INFOPLIST_KEY_UILaunchScreen_Generation[sdk=iphonesimulator*]" = YES;
				INFOPLIST_KEY_UILaunchStoryboardName = "Launch Screen.storyboard";
				"INFOPLIST_KEY_UIStatusBarStyle[sdk=iphoneos*]" = UIStatusBarStyleDefault;
				"INFOPLIST_KEY_UIStatusBarStyle[sdk=iphonesimulator*]" = UIStatusBarStyleDefault;
				INFOPLIST_KEY_UISupportedInterfaceOrientations = UIInterfaceOrientationPortrait;
				INFOPLIST_KEY_UISupportedInterfaceOrientations_iPad = "UIInterfaceOrientationLandscapeLeft UIInterfaceOrientationLandscapeRight UIInterfaceOrientationPortrait UIInterfaceOrientationPortraitUpsideDown";
				IPHONEOS_DEPLOYMENT_TARGET = 14.0;
				LD_RUNPATH_SEARCH_PATHS = "@executable_path/Frameworks";
				"LD_RUNPATH_SEARCH_PATHS[sdk=macosx*]" = "@executable_path/../Frameworks";
				MACOSX_DEPLOYMENT_TARGET = 14.2;
				MARKETING_VERSION = 1.1;
				PRODUCT_BUNDLE_IDENTIFIER = IOI.App1256;
				PRODUCT_NAME = "$(TARGET_NAME)";
				SDKROOT = auto;
				SUPPORTED_PLATFORMS = "iphoneos iphonesimulator";
				SUPPORTS_MACCATALYST = NO;
				SWIFT_EMIT_LOC_STRINGS = YES;
				SWIFT_VERSION = 5.0;
				TARGETED_DEVICE_FAMILY = 1;
			};
			name = Release;
		};
/* End XCBuildConfiguration section */

/* Begin XCConfigurationList section */
		784E06BE2D9D858500F3B546 /* Build configuration list for PBXProject "App1256" */ = {
			isa = XCConfigurationList;
			buildConfigurations = (
				784E06D02D9D858700F3B546 /* Debug */,
				784E06D12D9D858700F3B546 /* Release */,
			);
			defaultConfigurationIsVisible = 0;
			defaultConfigurationName = Release;
		};
		784E06D22D9D858700F3B546 /* Build configuration list for PBXNativeTarget "App1256" */ = {
			isa = XCConfigurationList;
			buildConfigurations = (
				784E06D32D9D858700F3B546 /* Debug */,
				784E06D42D9D858700F3B546 /* Release */,
			);
			defaultConfigurationIsVisible = 0;
			defaultConfigurationName = Release;
		};
/* End XCConfigurationList section */

/* Begin XCVersionGroup section */
		784E06DF2D9DA24600F3B546 /* CoreModel.xcdatamodeld */ = {
			isa = XCVersionGroup;
			children = (
				784E06E02D9DA24600F3B546 /* CoreModel.xcdatamodel */,
			);
			currentVersion = 784E06E02D9DA24600F3B546 /* CoreModel.xcdatamodel */;
			path = CoreModel.xcdatamodeld;
			sourceTree = "<group>";
			versionGroupType = wrapper.xcdatamodel;
		};
/* End XCVersionGroup section */
	};
	rootObject = 784E06BB2D9D858500F3B546 /* Project object */;
}
